
Microsoft Visual Studio Solution File, Format Version 12.00
# Visual Studio Version 16
VisualStudioVersion = 16.0.30406.217
MinimumVisualStudioVersion = 10.0.40219.1
Project("{FAE04EC0-301F-11D3-BF4B-00C04F79EFBC}") = "SvgArena", "SvgArena.csproj", "{C916BED8-2CF5-4FE6-99F9-AFB9ACA02400}"
EndProject
Global
	GlobalSection(SolutionConfigurationPlatforms) = preSolution
		Debug|Any CPU = Debug|Any CPU
		Release|Any CPU = Release|Any CPU
	EndGlobalSection
	GlobalSection(ProjectConfigurationPlatforms) = postSolution
		{C916BED8-2CF5-4FE6-99F9-AFB9ACA02400}.Debug|Any CPU.ActiveCfg = Debug|Any CPU
		{C916BED8-2CF5-4FE6-99F9-AFB9ACA02400}.Debug|Any CPU.Build.0 = Debug|Any CPU
		{C916BED8-2CF5-4FE6-99F9-AFB9ACA02400}.Release|Any CPU.ActiveCfg = Release|Any CPU
		{C916BED8-2CF5-4FE6-99F9-AFB9ACA02400}.Release|Any CPU.Build.0 = Release|Any CPU
	EndGlobalSection
	GlobalSection(SolutionProperties) = preSolution
		HideSolutionNode = FALSE
	EndGlobalSection
	GlobalSection(ExtensibilityGlobals) = postSolution
		SolutionGuid = {F2573D16-232B-43FC-8E94-EF620A4DD216}
	EndGlobalSection
EndGlobal
